
Microsoft Visual Studio Solution File, Format Version 12.00
# Visual Studio Version 17
VisualStudioVersion = 17.9.34714.143
MinimumVisualStudioVersion = 10.0.40219.1
Project("{FAE04EC0-301F-11D3-BF4B-00C04F79EFBC}") = "EventGate", "EventGate\EventGate.csproj", "{AAB85974-E0AF-4537-94B8-93915752AEBD}"
EndProject
Global
	GlobalSection(SolutionConfigurationPlatforms) = preSolution
		Debug|Any CPU = Debug|Any CPU
		Release|Any CPU = Release|Any CPU
	EndGlobalSection
	GlobalSection(ProjectConfigurationPlatforms) = postSolution
		{AAB85974-E0AF-4537-94B8-93915752AEBD}.Debug|Any CPU.ActiveCfg = Debug|Any CPU
		{AAB85974-E0AF-4537-94B8-93915752AEBD}.Debug|Any CPU.Build.0 = Debug|Any CPU
		{AAB85974-E0AF-4537-94B8-93915752AEBD}.Release|Any CPU.ActiveCfg = Release|Any CPU
		{AAB85974-E0AF-4537-94B8-93915752AEBD}.Release|Any CPU.Build.0 = Release|Any CPU
	EndGlobalSection
	GlobalSection(SolutionProperties) = preSolution
		HideSolutionNode = FALSE
	EndGlobalSection
	GlobalSection(ExtensibilityGlobals) = postSolution
		SolutionGuid = {6A102295-751B-4464-8BD4-E8FE6F7B1130}
	EndGlobalSection
EndGlobal
